PODS:
  - AGVolumeControlView (0.1.0)

DEPENDENCIES:
  - AGVolumeControlView (from `../`)

EXTERNAL SOURCES:
  AGVolumeControlView:
    :path: "../"

SPEC CHECKSUMS:
  AGVolumeControlView: ae2d40f1868b951ba2786e9ed164fe69eaf6611a

PODFILE CHECKSUM: 11587191a00c35817911e6272a01df53bdace048

COCOAPODS: 1.5.3
